{
  "version": 4,
  "terraform_version": "1.0.6",
  "serial": 27,
  "lineage": "9c1adcb1-3611-6924-5ca8-1e3140b76ecf",
  "outputs": {
    "webapp_url": {
      "value": "https://rubyapp1985-prod.azurewebsites.net",
      "type": "string"
    },
    "webhook": {
      "value": "https://$rubyapp1985-prod:DYoWfftPwPxPCGtupJxbCbuaPrnlGjZDXmyJXee4Fx01svYinghFBXHkMNQu@rubyapp1985-prod.scm.azurewebsites.net/api/registry/webhook",
      "type": "string",
      "sensitive": true
    }
  },
  "resources": [
    {
      "mode": "data",
      "type": "azurerm_resource_group",
      "name": "main",
      "provider": "provider[\"registry.terraform.io/hashicorp/azurerm\"]",
      "instances": [
        {
          "schema_version": 0,
          "attributes": {
            "id": "/subscriptions/d33b95c7-af3c-4247-9661-aa96d47fccc0/resourceGroups/KPMG21_RobertaDomanico_ProjectExercise",
            "location": "uksouth",
            "name": "KPMG21_RobertaDomanico_ProjectExercise",
            "tags": {},
            "timeouts": null
          },
          "sensitive_attributes": []
        }
      ]
    },
    {
      "mode": "managed",
      "type": "azurerm_cosmosdb_account",
      "name": "rubycosmos",
      "provider": "provider[\"registry.terraform.io/hashicorp/azurerm\"]",
      "instances": [
        {
          "schema_version": 0,
          "attributes": {
            "access_key_metadata_writes_enabled": true,
            "analytical_storage": [
              {
                "schema_type": "FullFidelity"
              }
            ],
            "analytical_storage_enabled": false,
            "backup": [
              {
                "interval_in_minutes": 240,
                "retention_in_hours": 8,
                "storage_redundancy": "Geo",
                "type": "Periodic"
              }
            ],
            "capabilities": [
              {
                "name": "EnableMongo"
              },
              {
                "name": "EnableServerless"
              }
            ],
            "capacity": [],
            "connection_strings": [
              "mongodb://rubycosmos-prod:vOw2DJ1IvZcWnrNJHSdiElQHpCWo0x0kM5jRkAV4WXuNaSL1SsBV5WGmuyrBqQpDCNoMnAQo1hncatchEhd7ZA==@rubycosmos-prod.mongo.cosmos.azure.com:10255/?ssl=true\u0026replicaSet=globaldb\u0026retrywrites=false\u0026maxIdleTimeMS=120000\u0026appName=@rubycosmos-prod@",
              "mongodb://rubycosmos-prod:QEkz0g6mZ2zZuCOWIuWJjm3fzmeMIvzYDMn7XSgzzf6gwD4WLevkfeTLiiCICmQVWezmovTGAq0VVlgVoVPw5Q==@rubycosmos-prod.mongo.cosmos.azure.com:10255/?ssl=true\u0026replicaSet=globaldb\u0026retrywrites=false\u0026maxIdleTimeMS=120000\u0026appName=@rubycosmos-prod@",
              "mongodb://rubycosmos-prod:5T1iN2SlwikRoCYRcavSj2laA25ssUsjGB9vz6TiXRDaThB9RGb0t7IJ1zyIaBPWt4jqWuGsdfRTSqAkqVT66w==@rubycosmos-prod.mongo.cosmos.azure.com:10255/?ssl=true\u0026replicaSet=globaldb\u0026retrywrites=false\u0026maxIdleTimeMS=120000\u0026appName=@rubycosmos-prod@",
              "mongodb://rubycosmos-prod:HfQhd9fHe3QttCWAwPNVWytZg2xRklby9kmK0BIWsksigALxva4z2gxJc2gZAnD1B7OtHLbABD9bW3wbbgtfIw==@rubycosmos-prod.mongo.cosmos.azure.com:10255/?ssl=true\u0026replicaSet=globaldb\u0026retrywrites=false\u0026maxIdleTimeMS=120000\u0026appName=@rubycosmos-prod@"
            ],
            "consistency_policy": [
              {
                "consistency_level": "BoundedStaleness",
                "max_interval_in_seconds": 300,
                "max_staleness_prefix": 100000
              }
            ],
            "cors_rule": [],
            "create_mode": "",
            "default_identity_type": "FirstPartyIdentity",
            "enable_automatic_failover": true,
            "enable_free_tier": false,
            "enable_multiple_write_locations": false,
            "endpoint": "https://rubycosmos-prod.documents.azure.com:443/",
            "geo_location": [
              {
                "failover_priority": 0,
                "id": "rubycosmos-prod-uksouth",
                "location": "uksouth",
                "zone_redundant": false
              }
            ],
            "id": "/subscriptions/d33b95c7-af3c-4247-9661-aa96d47fccc0/resourceGroups/KPMG21_RobertaDomanico_ProjectExercise/providers/Microsoft.DocumentDB/databaseAccounts/rubycosmos-prod",
            "identity": [],
            "ip_range_filter": "",
            "is_virtual_network_filter_enabled": false,
            "key_vault_key_id": null,
            "kind": "MongoDB",
            "local_authentication_disabled": false,
            "location": "uksouth",
            "mongo_server_version": "4.2",
            "name": "rubycosmos-prod",
            "network_acl_bypass_for_azure_services": false,
            "network_acl_bypass_ids": [],
            "offer_type": "Standard",
            "primary_key": "vOw2DJ1IvZcWnrNJHSdiElQHpCWo0x0kM5jRkAV4WXuNaSL1SsBV5WGmuyrBqQpDCNoMnAQo1hncatchEhd7ZA==",
            "primary_readonly_key": "5T1iN2SlwikRoCYRcavSj2laA25ssUsjGB9vz6TiXRDaThB9RGb0t7IJ1zyIaBPWt4jqWuGsdfRTSqAkqVT66w==",
            "public_network_access_enabled": true,
            "read_endpoints": [
              "https://rubycosmos-prod-uksouth.documents.azure.com:443/"
            ],
            "resource_group_name": "KPMG21_RobertaDomanico_ProjectExercise",
            "restore": [],
            "secondary_key": "QEkz0g6mZ2zZuCOWIuWJjm3fzmeMIvzYDMn7XSgzzf6gwD4WLevkfeTLiiCICmQVWezmovTGAq0VVlgVoVPw5Q==",
            "secondary_readonly_key": "HfQhd9fHe3QttCWAwPNVWytZg2xRklby9kmK0BIWsksigALxva4z2gxJc2gZAnD1B7OtHLbABD9bW3wbbgtfIw==",
            "tags": {},
            "timeouts": null,
            "virtual_network_rule": [],
            "write_endpoints": [
              "https://rubycosmos-prod-uksouth.documents.azure.com:443/"
            ]
          },
          "sensitive_attributes": [],
          "private": "eyJlMmJmYjczMC1lY2FhLTExZTYtOGY4OC0zNDM2M2JjN2M0YzAiOnsiY3JlYXRlIjoxMDgwMDAwMDAwMDAwMCwiZGVsZXRlIjoxMDgwMDAwMDAwMDAwMCwicmVhZCI6MzAwMDAwMDAwMDAwLCJ1cGRhdGUiOjEwODAwMDAwMDAwMDAwfX0=",
          "dependencies": [
            "data.azurerm_resource_group.main"
          ]
        }
      ]
    },
    {
      "mode": "managed",
      "type": "azurerm_cosmosdb_mongo_database",
      "name": "main",
      "provider": "provider[\"registry.terraform.io/hashicorp/azurerm\"]",
      "instances": [
        {
          "schema_version": 1,
          "attributes": {
            "account_name": "rubycosmos-prod",
            "autoscale_settings": [],
            "id": "/subscriptions/d33b95c7-af3c-4247-9661-aa96d47fccc0/resourceGroups/KPMG21_RobertaDomanico_ProjectExercise/providers/Microsoft.DocumentDB/databaseAccounts/rubycosmos-prod/mongodbDatabases/databaseruby",
            "name": "databaseruby",
            "resource_group_name": "KPMG21_RobertaDomanico_ProjectExercise",
            "throughput": null,
            "timeouts": null
          },
          "sensitive_attributes": [],
          "private": "eyJlMmJmYjczMC1lY2FhLTExZTYtOGY4OC0zNDM2M2JjN2M0YzAiOnsiY3JlYXRlIjoxODAwMDAwMDAwMDAwLCJkZWxldGUiOjE4MDAwMDAwMDAwMDAsInJlYWQiOjMwMDAwMDAwMDAwMCwidXBkYXRlIjoxODAwMDAwMDAwMDAwfSwic2NoZW1hX3ZlcnNpb24iOiIxIn0=",
          "dependencies": [
            "azurerm_cosmosdb_account.rubycosmos",
            "data.azurerm_resource_group.main"
          ]
        }
      ]
    },
    {
      "mode": "managed",
      "type": "azurerm_linux_web_app",
      "name": "main",
      "provider": "provider[\"registry.terraform.io/hashicorp/azurerm\"]",
      "instances": [
        {
          "schema_version": 0,
          "attributes": {
            "app_settings": {
              "CLIENT_ID": "2d844862fb6abcf2b5a1",
              "CLIENT_SECRET": "569c932573d103cb9dd0effd4a978033043f623b",
              "COLLECTION_NAME": "collectionruby",
              "CONNECTION_STRING": "mongodb://rubycosmos-prod:vOw2DJ1IvZcWnrNJHSdiElQHpCWo0x0kM5jRkAV4WXuNaSL1SsBV5WGmuyrBqQpDCNoMnAQo1hncatchEhd7ZA==@rubycosmos-prod.mongo.cosmos.azure.com:10255/?ssl=true\u0026replicaSet=globaldb\u0026retrywrites=false\u0026maxIdleTimeMS=120000\u0026appName=@rubycosmos-prod@",
              "COSMOSODB_NAME": "rubycosmos",
              "DOCKER_REGISTRY_SERVER_URL": "https://rubydoma",
              "FLASK_ENV": "development",
              "FLAS_APP": "todo_app/app",
              "SECRET_KEY": "notused",
              "WEBSITES_ENABLE_APP_SERVICE_STORAGE": "false"
            },
            "auth_settings": [
              {
                "active_directory": [],
                "additional_login_parameters": {},
                "allowed_external_redirect_urls": [],
                "default_provider": "",
                "enabled": false,
                "facebook": [],
                "github": [],
                "google": [],
                "issuer": "",
                "microsoft": [],
                "runtime_version": "",
                "token_refresh_extension_hours": 0,
                "token_store_enabled": false,
                "twitter": [],
                "unauthenticated_client_action": ""
              }
            ],
            "backup": [],
            "client_affinity_enabled": false,
            "client_certificate_enabled": false,
            "client_certificate_mode": "Required",
            "connection_string": [],
            "custom_domain_verification_id": "C11362A7BC6B6AE47600B6CA026E5B947B6577DA4AE022E214743600719CCB1D",
            "default_hostname": "rubyapp1985-prod.azurewebsites.net",
            "enabled": true,
            "https_only": false,
            "id": "/subscriptions/d33b95c7-af3c-4247-9661-aa96d47fccc0/resourceGroups/KPMG21_RobertaDomanico_ProjectExercise/providers/Microsoft.Web/sites/rubyapp1985-prod",
            "identity": [],
            "key_vault_reference_identity_id": "SystemAssigned",
            "kind": "app,linux,container",
            "location": "uksouth",
            "logs": [],
            "name": "rubyapp1985-prod",
            "outbound_ip_address_list": [
              "20.108.60.145",
              "20.108.62.24",
              "20.108.137.157",
              "20.108.138.22",
              "20.108.138.118",
              "20.108.139.24",
              "20.90.134.15"
            ],
            "outbound_ip_addresses": "20.108.60.145,20.108.62.24,20.108.137.157,20.108.138.22,20.108.138.118,20.108.139.24,20.90.134.15",
            "possible_outbound_ip_address_list": [
              "20.108.60.145",
              "20.108.62.24",
              "20.108.137.157",
              "20.108.138.22",
              "20.108.138.118",
              "20.108.139.24",
              "20.108.139.215",
              "20.108.140.75",
              "20.108.140.117",
              "20.108.140.139",
              "20.108.140.232",
              "20.108.141.177",
              "20.108.141.188",
              "20.108.141.219",
              "20.108.141.238",
              "20.108.141.244",
              "20.108.142.23",
              "20.108.142.49",
              "20.108.142.57",
              "20.108.142.59",
              "20.108.142.63",
              "20.108.142.69",
              "20.108.142.90",
              "20.108.142.93",
              "20.90.134.15"
            ],
            "possible_outbound_ip_addresses": "20.108.60.145,20.108.62.24,20.108.137.157,20.108.138.22,20.108.138.118,20.108.139.24,20.108.139.215,20.108.140.75,20.108.140.117,20.108.140.139,20.108.140.232,20.108.141.177,20.108.141.188,20.108.141.219,20.108.141.238,20.108.141.244,20.108.142.23,20.108.142.49,20.108.142.57,20.108.142.59,20.108.142.63,20.108.142.69,20.108.142.90,20.108.142.93,20.90.134.15",
            "resource_group_name": "KPMG21_RobertaDomanico_ProjectExercise",
            "service_plan_id": "/subscriptions/d33b95c7-af3c-4247-9661-aa96d47fccc0/resourceGroups/KPMG21_RobertaDomanico_ProjectExercise/providers/Microsoft.Web/serverfarms/rubyappserviceplan-prod",
            "site_config": [
              {
                "always_on": true,
                "api_definition_url": "",
                "api_management_api_id": "",
                "app_command_line": "",
                "application_stack": [
                  {
                    "docker_image": "rubydoma/todo-app-exercise-8",
                    "docker_image_tag": "latest",
                    "dotnet_version": "",
                    "java_server": "",
                    "java_server_version": "",
                    "java_version": "",
                    "node_version": "",
                    "php_version": "",
                    "python_version": "",
                    "ruby_version": ""
                  }
                ],
                "auto_heal_enabled": false,
                "auto_heal_setting": [],
                "container_registry_managed_identity_client_id": "",
                "container_registry_use_managed_identity": false,
                "cors": [],
                "default_documents": [
                  "Default.htm",
                  "Default.html",
                  "Default.asp",
                  "index.htm",
                  "index.html",
                  "iisstart.htm",
                  "default.aspx",
                  "index.php",
                  "hostingstart.html"
                ],
                "detailed_error_logging_enabled": false,
                "ftps_state": "Disabled",
                "health_check_eviction_time_in_min": 0,
                "health_check_path": "",
                "http2_enabled": false,
                "ip_restriction": [],
                "linux_fx_version": "DOCKER|rubydoma/todo-app-exercise-8:latest",
                "load_balancing_mode": "LeastRequests",
                "local_mysql_enabled": false,
                "managed_pipeline_mode": "Integrated",
                "minimum_tls_version": "1.2",
                "remote_debugging_enabled": false,
                "remote_debugging_version": "VS2019",
                "scm_ip_restriction": [],
                "scm_minimum_tls_version": "1.2",
                "scm_type": "None",
                "scm_use_main_ip_restriction": false,
                "use_32_bit_worker": true,
                "vnet_route_all_enabled": false,
                "websockets_enabled": false,
                "worker_count": 1
              }
            ],
            "site_credential": [
              {
                "name": "$rubyapp1985-prod",
                "password": "DYoWfftPwPxPCGtupJxbCbuaPrnlGjZDXmyJXee4Fx01svYinghFBXHkMNQu"
              }
            ],
            "sticky_settings": [],
            "storage_account": [],
            "tags": {},
            "timeouts": null,
            "virtual_network_subnet_id": "",
            "zip_deploy_file": ""
          },
          "sensitive_attributes": [
            [
              {
                "type": "get_attr",
                "value": "app_settings"
              },
              {
                "type": "index",
                "value": {
                  "value": "CLIENT_ID",
                  "type": "string"
                }
              }
            ],
            [
              {
                "type": "get_attr",
                "value": "app_settings"
              },
              {
                "type": "index",
                "value": {
                  "value": "CLIENT_SECRET",
                  "type": "string"
                }
              }
            ],
            [
              {
                "type": "get_attr",
                "value": "app_settings"
              },
              {
                "type": "index",
                "value": {
                  "value": "CONNECTION_STRING",
                  "type": "string"
                }
              }
            ]
          ],
          "private": "eyJlMmJmYjczMC1lY2FhLTExZTYtOGY4OC0zNDM2M2JjN2M0YzAiOnsiY3JlYXRlIjoxODAwMDAwMDAwMDAwLCJkZWxldGUiOjE4MDAwMDAwMDAwMDAsInJlYWQiOjMwMDAwMDAwMDAwMCwidXBkYXRlIjoxODAwMDAwMDAwMDAwfX0=",
          "dependencies": [
            "azurerm_cosmosdb_account.rubycosmos",
            "azurerm_service_plan.main",
            "data.azurerm_resource_group.main"
          ]
        }
      ]
    },
    {
      "mode": "managed",
      "type": "azurerm_service_plan",
      "name": "main",
      "provider": "provider[\"registry.terraform.io/hashicorp/azurerm\"]",
      "instances": [
        {
          "schema_version": 0,
          "attributes": {
            "app_service_environment_id": "",
            "id": "/subscriptions/d33b95c7-af3c-4247-9661-aa96d47fccc0/resourceGroups/KPMG21_RobertaDomanico_ProjectExercise/providers/Microsoft.Web/serverfarms/rubyappserviceplan-prod",
            "kind": "linux",
            "location": "uksouth",
            "maximum_elastic_worker_count": 1,
            "name": "rubyappserviceplan-prod",
            "os_type": "Linux",
            "per_site_scaling_enabled": false,
            "reserved": true,
            "resource_group_name": "KPMG21_RobertaDomanico_ProjectExercise",
            "sku_name": "B1",
            "tags": {},
            "timeouts": null,
            "worker_count": 1,
            "zone_balancing_enabled": false
          },
          "sensitive_attributes": [],
          "private": "eyJlMmJmYjczMC1lY2FhLTExZTYtOGY4OC0zNDM2M2JjN2M0YzAiOnsiY3JlYXRlIjozNjAwMDAwMDAwMDAwLCJkZWxldGUiOjM2MDAwMDAwMDAwMDAsInJlYWQiOjMwMDAwMDAwMDAwMCwidXBkYXRlIjozNjAwMDAwMDAwMDAwfX0=",
          "dependencies": [
            "data.azurerm_resource_group.main"
          ]
        }
      ]
    },
    {
      "mode": "managed",
      "type": "azurerm_storage_account",
      "name": "tfstate",
      "provider": "provider[\"registry.terraform.io/hashicorp/azurerm\"]",
      "instances": [
        {
          "schema_version": 3,
          "attributes": {
            "access_tier": "Hot",
            "account_kind": "StorageV2",
            "account_replication_type": "LRS",
            "account_tier": "Standard",
            "allow_nested_items_to_be_public": true,
            "azure_files_authentication": [],
            "blob_properties": [
              {
                "change_feed_enabled": false,
                "change_feed_retention_in_days": 0,
                "container_delete_retention_policy": [],
                "cors_rule": [],
                "default_service_version": "",
                "delete_retention_policy": [],
                "last_access_time_enabled": false,
                "versioning_enabled": false
              }
            ],
            "cross_tenant_replication_enabled": true,
            "custom_domain": [],
            "customer_managed_key": [],
            "default_to_oauth_authentication": false,
            "edge_zone": "",
            "enable_https_traffic_only": true,
            "id": "/subscriptions/d33b95c7-af3c-4247-9661-aa96d47fccc0/resourceGroups/KPMG21_RobertaDomanico_ProjectExercise/providers/Microsoft.Storage/storageAccounts/rubystorage1985",
            "identity": [],
            "infrastructure_encryption_enabled": false,
            "is_hns_enabled": false,
            "large_file_share_enabled": null,
            "location": "uksouth",
            "min_tls_version": "TLS1_2",
            "name": "rubystorage1985",
            "network_rules": [
              {
                "bypass": [
                  "AzureServices"
                ],
                "default_action": "Allow",
                "ip_rules": [],
                "private_link_access": [],
                "virtual_network_subnet_ids": []
              }
            ],
            "nfsv3_enabled": false,
            "primary_access_key": "Aq+KfL8ec5DQMw2kPdBYl/PM+q7tXiyWioEsPlRYlmb7v1nDFsJ4gT52Jj8CkXh9jWw46Pt27kgK+AStysdHBg==",
            "primary_blob_connection_string": "DefaultEndpointsProtocol=https;BlobEndpoint=https://rubystorage1985.blob.core.windows.net/;AccountName=rubystorage1985;AccountKey=Aq+KfL8ec5DQMw2kPdBYl/PM+q7tXiyWioEsPlRYlmb7v1nDFsJ4gT52Jj8CkXh9jWw46Pt27kgK+AStysdHBg==",
            "primary_blob_endpoint": "https://rubystorage1985.blob.core.windows.net/",
            "primary_blob_host": "rubystorage1985.blob.core.windows.net",
            "primary_connection_string": "DefaultEndpointsProtocol=https;AccountName=rubystorage1985;AccountKey=Aq+KfL8ec5DQMw2kPdBYl/PM+q7tXiyWioEsPlRYlmb7v1nDFsJ4gT52Jj8CkXh9jWw46Pt27kgK+AStysdHBg==;EndpointSuffix=core.windows.net",
            "primary_dfs_endpoint": "https://rubystorage1985.dfs.core.windows.net/",
            "primary_dfs_host": "rubystorage1985.dfs.core.windows.net",
            "primary_file_endpoint": "https://rubystorage1985.file.core.windows.net/",
            "primary_file_host": "rubystorage1985.file.core.windows.net",
            "primary_location": "uksouth",
            "primary_queue_endpoint": "https://rubystorage1985.queue.core.windows.net/",
            "primary_queue_host": "rubystorage1985.queue.core.windows.net",
            "primary_table_endpoint": "https://rubystorage1985.table.core.windows.net/",
            "primary_table_host": "rubystorage1985.table.core.windows.net",
            "primary_web_endpoint": "https://rubystorage1985.z33.web.core.windows.net/",
            "primary_web_host": "rubystorage1985.z33.web.core.windows.net",
            "public_network_access_enabled": true,
            "queue_encryption_key_type": "Service",
            "queue_properties": [
              {
                "cors_rule": [],
                "hour_metrics": [
                  {
                    "enabled": true,
                    "include_apis": true,
                    "retention_policy_days": 7,
                    "version": "1.0"
                  }
                ],
                "logging": [
                  {
                    "delete": false,
                    "read": false,
                    "retention_policy_days": 0,
                    "version": "1.0",
                    "write": false
                  }
                ],
                "minute_metrics": [
                  {
                    "enabled": false,
                    "include_apis": false,
                    "retention_policy_days": 0,
                    "version": "1.0"
                  }
                ]
              }
            ],
            "resource_group_name": "KPMG21_RobertaDomanico_ProjectExercise",
            "routing": [],
            "secondary_access_key": "sfyOm5Z0jg3CYgQID++FYk/es+YOs7dD5Dgbb4VjAah7EFnqRdRSwyY6Im5o618pDLej7jWz33vt+AStr3yRhg==",
            "secondary_blob_connection_string": "",
            "secondary_blob_endpoint": null,
            "secondary_blob_host": null,
            "secondary_connection_string": "DefaultEndpointsProtocol=https;AccountName=rubystorage1985;AccountKey=sfyOm5Z0jg3CYgQID++FYk/es+YOs7dD5Dgbb4VjAah7EFnqRdRSwyY6Im5o618pDLej7jWz33vt+AStr3yRhg==;EndpointSuffix=core.windows.net",
            "secondary_dfs_endpoint": null,
            "secondary_dfs_host": null,
            "secondary_file_endpoint": null,
            "secondary_file_host": null,
            "secondary_location": "",
            "secondary_queue_endpoint": null,
            "secondary_queue_host": null,
            "secondary_table_endpoint": null,
            "secondary_table_host": null,
            "secondary_web_endpoint": null,
            "secondary_web_host": null,
            "share_properties": [
              {
                "cors_rule": [],
                "retention_policy": [
                  {
                    "days": 7
                  }
                ],
                "smb": []
              }
            ],
            "shared_access_key_enabled": true,
            "static_website": [],
            "table_encryption_key_type": "Service",
            "tags": null,
            "timeouts": null
          },
          "sensitive_attributes": [],
          "private": "eyJlMmJmYjczMC1lY2FhLTExZTYtOGY4OC0zNDM2M2JjN2M0YzAiOnsiY3JlYXRlIjozNjAwMDAwMDAwMDAwLCJkZWxldGUiOjM2MDAwMDAwMDAwMDAsInJlYWQiOjMwMDAwMDAwMDAwMCwidXBkYXRlIjozNjAwMDAwMDAwMDAwfSwic2NoZW1hX3ZlcnNpb24iOiIzIn0=",
          "dependencies": [
            "data.azurerm_resource_group.main"
          ]
        }
      ]
    },
    {
      "mode": "managed",
      "type": "azurerm_storage_container",
      "name": "tfstate",
      "provider": "provider[\"registry.terraform.io/hashicorp/azurerm\"]",
      "instances": [
        {
          "schema_version": 1,
          "attributes": {
            "container_access_type": "blob",
            "has_immutability_policy": false,
            "has_legal_hold": false,
            "id": "https://rubystorage1985.blob.core.windows.net/rubystorage1985",
            "metadata": {},
            "name": "rubystorage1985",
            "resource_manager_id": "/subscriptions/d33b95c7-af3c-4247-9661-aa96d47fccc0/resourceGroups/KPMG21_RobertaDomanico_ProjectExercise/providers/Microsoft.Storage/storageAccounts/rubystorage1985/blobServices/default/containers/rubystorage1985",
            "storage_account_name": "rubystorage1985",
            "timeouts": null
          },
          "sensitive_attributes": [],
          "private": "eyJlMmJmYjczMC1lY2FhLTExZTYtOGY4OC0zNDM2M2JjN2M0YzAiOnsiY3JlYXRlIjoxODAwMDAwMDAwMDAwLCJkZWxldGUiOjE4MDAwMDAwMDAwMDAsInJlYWQiOjMwMDAwMDAwMDAwMCwidXBkYXRlIjoxODAwMDAwMDAwMDAwfSwic2NoZW1hX3ZlcnNpb24iOiIxIn0=",
          "dependencies": [
            "azurerm_storage_account.tfstate",
            "data.azurerm_resource_group.main"
          ]
        }
      ]
    }
  ]
}
