{
  "version": 4,
  "terraform_version": "1.0.6",
  "serial": 3,
  "lineage": "51c3ae1c-2980-9d87-9be7-ccfcc87edb30",
  "outputs": {},
  "resources": [
    {
      "mode": "data",
      "type": "azurerm_resource_group",
      "name": "main",
      "provider": "provider[\"registry.terraform.io/hashicorp/azurerm\"]",
      "instances": [
        {
          "schema_version": 0,
          "attributes": {
            "id": "/subscriptions/d33b95c7-af3c-4247-9661-aa96d47fccc0/resourceGroups/KPMG21_RobertaDomanico_ProjectExercise",
            "location": "uksouth",
            "name": "KPMG21_RobertaDomanico_ProjectExercise",
            "tags": {},
            "timeouts": null
          },
          "sensitive_attributes": []
        }
      ]
    },
    {
      "mode": "managed",
      "type": "azurerm_linux_web_app",
      "name": "main",
      "provider": "provider[\"registry.terraform.io/hashicorp/azurerm\"]",
      "instances": [
        {
          "schema_version": 0,
          "attributes": {
            "app_settings": {
              "DOCKER_REGISTRY_SERVER_URL": "https://index.docker.io"
            },
            "auth_settings": [
              {
                "active_directory": [],
                "additional_login_parameters": {},
                "allowed_external_redirect_urls": [],
                "default_provider": "",
                "enabled": false,
                "facebook": [],
                "github": [],
                "google": [],
                "issuer": "",
                "microsoft": [],
                "runtime_version": "",
                "token_refresh_extension_hours": 0,
                "token_store_enabled": false,
                "twitter": [],
                "unauthenticated_client_action": ""
              }
            ],
            "backup": [],
            "client_affinity_enabled": false,
            "client_certificate_enabled": false,
            "client_certificate_mode": "Required",
            "connection_string": [],
            "custom_domain_verification_id": "C11362A7BC6B6AE47600B6CA026E5B947B6577DA4AE022E214743600719CCB1D",
            "default_hostname": "apprubydoma.azurewebsites.net",
            "enabled": true,
            "https_only": false,
            "id": "/subscriptions/d33b95c7-af3c-4247-9661-aa96d47fccc0/resourceGroups/KPMG21_RobertaDomanico_ProjectExercise/providers/Microsoft.Web/sites/apprubydoma",
            "identity": [],
            "key_vault_reference_identity_id": "SystemAssigned",
            "kind": "app,linux,container",
            "location": "uksouth",
            "logs": [],
            "name": "apprubydoma",
            "outbound_ip_address_list": [
              "20.108.60.145",
              "20.108.62.24",
              "20.108.137.157",
              "20.108.138.22",
              "20.108.138.118",
              "20.108.139.24",
              "20.90.134.15"
            ],
            "outbound_ip_addresses": "20.108.60.145,20.108.62.24,20.108.137.157,20.108.138.22,20.108.138.118,20.108.139.24,20.90.134.15",
            "possible_outbound_ip_address_list": [
              "20.108.60.145",
              "20.108.62.24",
              "20.108.137.157",
              "20.108.138.22",
              "20.108.138.118",
              "20.108.139.24",
              "20.108.139.215",
              "20.108.140.75",
              "20.108.140.117",
              "20.108.140.139",
              "20.108.140.232",
              "20.108.141.177",
              "20.108.141.188",
              "20.108.141.219",
              "20.108.141.238",
              "20.108.141.244",
              "20.108.142.23",
              "20.108.142.49",
              "20.108.142.57",
              "20.108.142.59",
              "20.108.142.63",
              "20.108.142.69",
              "20.108.142.90",
              "20.108.142.93",
              "20.90.134.15"
            ],
            "possible_outbound_ip_addresses": "20.108.60.145,20.108.62.24,20.108.137.157,20.108.138.22,20.108.138.118,20.108.139.24,20.108.139.215,20.108.140.75,20.108.140.117,20.108.140.139,20.108.140.232,20.108.141.177,20.108.141.188,20.108.141.219,20.108.141.238,20.108.141.244,20.108.142.23,20.108.142.49,20.108.142.57,20.108.142.59,20.108.142.63,20.108.142.69,20.108.142.90,20.108.142.93,20.90.134.15",
            "resource_group_name": "KPMG21_RobertaDomanico_ProjectExercise",
            "service_plan_id": "/subscriptions/d33b95c7-af3c-4247-9661-aa96d47fccc0/resourceGroups/KPMG21_RobertaDomanico_ProjectExercise/providers/Microsoft.Web/serverfarms/terraformed-asp",
            "site_config": [
              {
                "always_on": true,
                "api_definition_url": "",
                "api_management_api_id": "",
                "app_command_line": "",
                "application_stack": [
                  {
                    "docker_image": "appsvcsample/python-helloworld",
                    "docker_image_tag": "latest",
                    "dotnet_version": "",
                    "java_server": "",
                    "java_server_version": "",
                    "java_version": "",
                    "node_version": "",
                    "php_version": "",
                    "python_version": "",
                    "ruby_version": ""
                  }
                ],
                "auto_heal_enabled": false,
                "auto_heal_setting": [],
                "container_registry_managed_identity_client_id": "",
                "container_registry_use_managed_identity": false,
                "cors": [],
                "default_documents": [
                  "Default.htm",
                  "Default.html",
                  "Default.asp",
                  "index.htm",
                  "index.html",
                  "iisstart.htm",
                  "default.aspx",
                  "index.php",
                  "hostingstart.html"
                ],
                "detailed_error_logging_enabled": false,
                "ftps_state": "Disabled",
                "health_check_eviction_time_in_min": 0,
                "health_check_path": "",
                "http2_enabled": false,
                "ip_restriction": [],
                "linux_fx_version": "DOCKER|appsvcsample/python-helloworld:latest",
                "load_balancing_mode": "LeastRequests",
                "local_mysql_enabled": false,
                "managed_pipeline_mode": "Integrated",
                "minimum_tls_version": "1.2",
                "remote_debugging_enabled": false,
                "remote_debugging_version": "VS2019",
                "scm_ip_restriction": [],
                "scm_minimum_tls_version": "1.2",
                "scm_type": "None",
                "scm_use_main_ip_restriction": false,
                "use_32_bit_worker": true,
                "vnet_route_all_enabled": false,
                "websockets_enabled": false,
                "worker_count": 1
              }
            ],
            "site_credential": [
              {
                "name": "$apprubydoma",
                "password": "iBtWbzDziBhlswgvmEERHNKtcaiAsC0g5TyvJFgzQiNkZcpNg0nsJtSKghdD"
              }
            ],
            "sticky_settings": [],
            "storage_account": [],
            "tags": null,
            "timeouts": null,
            "virtual_network_subnet_id": "",
            "zip_deploy_file": ""
          },
          "sensitive_attributes": [],
          "private": "eyJlMmJmYjczMC1lY2FhLTExZTYtOGY4OC0zNDM2M2JjN2M0YzAiOnsiY3JlYXRlIjoxODAwMDAwMDAwMDAwLCJkZWxldGUiOjE4MDAwMDAwMDAwMDAsInJlYWQiOjMwMDAwMDAwMDAwMCwidXBkYXRlIjoxODAwMDAwMDAwMDAwfX0=",
          "dependencies": [
            "azurerm_service_plan.main",
            "data.azurerm_resource_group.main"
          ]
        }
      ]
    },
    {
      "mode": "managed",
      "type": "azurerm_service_plan",
      "name": "main",
      "provider": "provider[\"registry.terraform.io/hashicorp/azurerm\"]",
      "instances": [
        {
          "schema_version": 0,
          "attributes": {
            "app_service_environment_id": "",
            "id": "/subscriptions/d33b95c7-af3c-4247-9661-aa96d47fccc0/resourceGroups/KPMG21_RobertaDomanico_ProjectExercise/providers/Microsoft.Web/serverfarms/terraformed-asp",
            "kind": "linux",
            "location": "uksouth",
            "maximum_elastic_worker_count": 1,
            "name": "terraformed-asp",
            "os_type": "Linux",
            "per_site_scaling_enabled": false,
            "reserved": true,
            "resource_group_name": "KPMG21_RobertaDomanico_ProjectExercise",
            "sku_name": "B1",
            "tags": null,
            "timeouts": null,
            "worker_count": 1,
            "zone_balancing_enabled": false
          },
          "sensitive_attributes": [],
          "private": "eyJlMmJmYjczMC1lY2FhLTExZTYtOGY4OC0zNDM2M2JjN2M0YzAiOnsiY3JlYXRlIjozNjAwMDAwMDAwMDAwLCJkZWxldGUiOjM2MDAwMDAwMDAwMDAsInJlYWQiOjMwMDAwMDAwMDAwMCwidXBkYXRlIjozNjAwMDAwMDAwMDAwfX0=",
          "dependencies": [
            "data.azurerm_resource_group.main"
          ]
        }
      ]
    }
  ]
}
